// !$*UTF8*$!
{
	archiveVersion = 1;
	classes = {
	};
	objectVersion = 46;
	objects = {

/* Begin PBXBuildFile section */
		011C4A5014A500DB00A35D5F /* CoreFoundation.framework in Frameworks */ = {isa = PBXBuildFile; fileRef = 011C4A4F14A500DB00A35D5F /* CoreFoundation.framework */; };
		011C4A5314A500DB00A35D5F /* main.c in Sources */ = {isa = PBXBuildFile; fileRef = 011C4A5214A500DB00A35D5F /* main.c */; };
		011C4A5514A500DB00A35D5F /* CH04_Recorder.1 in CopyFiles */ = {isa = PBXBuildFile; fileRef = 011C4A5414A500DB00A35D5F /* CH04_Recorder.1 */; };
		0A168D1E1B6D63CE00FB360A /* AudioToolbox.framework in Frameworks */ = {isa = PBXBuildFile; fileRef = 0A168D1C1B6D583C00FB360A /* AudioToolbox.framework */; };
/* End PBXBuildFile section */

/* Begin PBXCopyFilesBuildPhase section */
		011C4A4914A500DB00A35D5F /* CopyFiles */ = {
			isa = PBXCopyFilesBuildPhase;
			buildActionMask = 2147483647;
			dstPath = /usr/share/man/man1/;
			dstSubfolderSpec = 0;
			files = (
				011C4A5514A500DB00A35D5F /* CH04_Recorder.1 in CopyFiles */,
			);
			runOnlyForDeploymentPostprocessing = 1;
		};
/* End PBXCopyFilesBuildPhase section */

/* Begin PBXFileReference section */
		011C4A4B14A500DB00A35D5F /* CH04_Recorder */ = {isa = PBXFileReference; explicitFileType = "compiled.mach-o.executable"; includeInIndex = 0; path = CH04_Recorder; sourceTree = BUILT_PRODUCTS_DIR; };
		011C4A4F14A500DB00A35D5F /* CoreFoundation.framework */ = {isa = PBXFileReference; lastKnownFileType = wrapper.framework; name = CoreFoundation.framework; path = System/Library/Frameworks/CoreFoundation.framework; sourceTree = SDKROOT; };
		011C4A5214A500DB00A35D5F /* main.c */ = {isa = PBXFileReference; lastKnownFileType = sourcecode.c.c; path = main.c; sourceTree = "<group>"; };
		011C4A5414A500DB00A35D5F /* CH04_Recorder.1 */ = {isa = PBXFileReference; lastKnownFileType = text.man; path = CH04_Recorder.1; sourceTree = "<group>"; };
		0A168D1C1B6D583C00FB360A /* AudioToolbox.framework */ = {isa = PBXFileReference; lastKnownFileType = wrapper.framework; name = AudioToolbox.framework; path = ../../../../../../../Applications/Xcode.app/Contents/Developer/Platforms/MacOSX.platform/Developer/SDKs/MacOSX10.10.sdk/System/Library/Frameworks/AudioToolbox.framework; sourceTree = SOURCE_ROOT; };
/* End PBXFileReference section */

/* Begin PBXFrameworksBuildPhase section */
		011C4A4814A500DB00A35D5F /* Frameworks */ = {
			isa = PBXFrameworksBuildPhase;
			buildActionMask = 2147483647;
			files = (
				011C4A5014A500DB00A35D5F /* CoreFoundation.framework in Frameworks */,
				0A168D1E1B6D63CE00FB360A /* AudioToolbox.framework in Frameworks */,
			);
			runOnlyForDeploymentPostprocessing = 0;
		};
/* End PBXFrameworksBuildPhase section */

/* Begin PBXGroup section */
		011C4A4014A500DB00A35D5F = {
			isa = PBXGroup;
			children = (
				011C4A5114A500DB00A35D5F /* CH04_Recorder */,
				011C4A4E14A500DB00A35D5F /* Frameworks */,
				011C4A4C14A500DB00A35D5F /* Products */,
			);
			sourceTree = "<group>";
		};
		011C4A4C14A500DB00A35D5F /* Products */ = {
			isa = PBXGroup;
			children = (
				011C4A4B14A500DB00A35D5F /* CH04_Recorder */,
			);
			name = Products;
			sourceTree = "<group>";
		};
		011C4A4E14A500DB00A35D5F /* Frameworks */ = {
			isa = PBXGroup;
			children = (
				0A168D1C1B6D583C00FB360A /* AudioToolbox.framework */,
				011C4A4F14A500DB00A35D5F /* CoreFoundation.framework */,
			);
			name = Frameworks;
			sourceTree = "<group>";
		};
		011C4A5114A500DB00A35D5F /* CH04_Recorder */ = {
			isa = PBXGroup;
			children = (
				011C4A5214A500DB00A35D5F /* main.c */,
				011C4A5414A500DB00A35D5F /* CH04_Recorder.1 */,
			);
			path = CH04_Recorder;
			sourceTree = "<group>";
		};
/* End PBXGroup section */

/* Begin PBXNativeTarget section */
		011C4A4A14A500DB00A35D5F /* CH04_Recorder */ = {
			isa = PBXNativeTarget;
			buildConfigurationList = 011C4A5814A500DB00A35D5F /* Build configuration list for PBXNativeTarget "CH04_Recorder" */;
			buildPhases = (
				011C4A4714A500DB00A35D5F /* Sources */,
				011C4A4814A500DB00A35D5F /* Frameworks */,
				011C4A4914A500DB00A35D5F /* CopyFiles */,
			);
			buildRules = (
			);
			dependencies = (
			);
			name = CH04_Recorder;
			productName = CH04_Recorder;
			productReference = 011C4A4B14A500DB00A35D5F /* CH04_Recorder */;
			productType = "com.apple.product-type.tool";
		};
/* End PBXNativeTarget section */

/* Begin PBXProject section */
		011C4A4214A500DB00A35D5F /* Project object */ = {
			isa = PBXProject;
			attributes = {
				LastUpgradeCheck = 0640;
				ORGANIZATIONNAME = "Subsequently and Furthermore, Inc.";
			};
			buildConfigurationList = 011C4A4514A500DB00A35D5F /* Build configuration list for PBXProject "CH04_Recorder" */;
			compatibilityVersion = "Xcode 3.2";
			developmentRegion = English;
			hasScannedForEncodings = 0;
			knownRegions = (
				en,
			);
			mainGroup = 011C4A4014A500DB00A35D5F;
			productRefGroup = 011C4A4C14A500DB00A35D5F /* Products */;
			projectDirPath = "";
			projectRoot = "";
			targets = (
				011C4A4A14A500DB00A35D5F /* CH04_Recorder */,
			);
		};
/* End PBXProject section */

/* Begin PBXSourcesBuildPhase section */
		011C4A4714A500DB00A35D5F /* Sources */ = {
			isa = PBXSourcesBuildPhase;
			buildActionMask = 2147483647;
			files = (
				011C4A5314A500DB00A35D5F /* main.c in Sources */,
			);
			runOnlyForDeploymentPostprocessing = 0;
		};
/* End PBXSourcesBuildPhase section */

/* Begin XCBuildConfiguration section */
		011C4A5614A500DB00A35D5F /* Debug */ = {
			isa = XCBuildConfiguration;
			buildSettings = {
				ALWAYS_SEARCH_USER_PATHS = NO;
				CLANG_WARN_BOOL_CONVERSION = YES;
				CLANG_WARN_CONSTANT_CONVERSION = YES;
				CLANG_WARN_EMPTY_BODY = YES;
				CLANG_WARN_ENUM_CONVERSION = YES;
				CLANG_WARN_INT_CONVERSION = YES;
				CLANG_WARN_UNREACHABLE_CODE = YES;
				CLANG_WARN__DUPLICATE_METHOD_MATCH = YES;
				COPY_PHASE_STRIP = NO;
				ENABLE_STRICT_OBJC_MSGSEND = YES;
				GCC_C_LANGUAGE_STANDARD = gnu99;
				GCC_DYNAMIC_NO_PIC = NO;
				GCC_ENABLE_OBJC_EXCEPTIONS = YES;
				GCC_NO_COMMON_BLOCKS = YES;
				GCC_OPTIMIZATION_LEVEL = 0;
				GCC_PREPROCESSOR_DEFINITIONS = (
					"DEBUG=1",
					"$(inherited)",
				);
				GCC_SYMBOLS_PRIVATE_EXTERN = NO;
				GCC_VERSION = com.apple.compilers.llvm.clang.1_0;
				GCC_WARN_64_TO_32_BIT_CONVERSION = YES;
				GCC_WARN_ABOUT_MISSING_PROTOTYPES = YES;
				GCC_WARN_ABOUT_RETURN_TYPE = YES;
				GCC_WARN_UNDECLARED_SELECTOR = YES;
				GCC_WARN_UNINITIALIZED_AUTOS = YES;
				GCC_WARN_UNUSED_FUNCTION = YES;
				GCC_WARN_UNUSED_VARIABLE = YES;
				MACOSX_DEPLOYMENT_TARGET = 10.10;
				ONLY_ACTIVE_ARCH = YES;
				SDKROOT = macosx;
			};
			name = Debug;
		};
		011C4A5714A500DB00A35D5F /* Release */ = {
			isa = XCBuildConfiguration;
			buildSettings = {
				ALWAYS_SEARCH_USER_PATHS = NO;
				CLANG_WARN_BOOL_CONVERSION = YES;
				CLANG_WARN_CONSTANT_CONVERSION = YES;
				CLANG_WARN_EMPTY_BODY = YES;
				CLANG_WARN_ENUM_CONVERSION = YES;
				CLANG_WARN_INT_CONVERSION = YES;
				CLANG_WARN_UNREACHABLE_CODE = YES;
				CLANG_WARN__DUPLICATE_METHOD_MATCH = YES;
				COPY_PHASE_STRIP = YES;
				DEBUG_INFORMATION_FORMAT = "dwarf-with-dsym";
				ENABLE_STRICT_OBJC_MSGSEND = YES;
				GCC_C_LANGUAGE_STANDARD = gnu99;
				GCC_ENABLE_OBJC_EXCEPTIONS = YES;
				GCC_NO_COMMON_BLOCKS = YES;
				GCC_VERSION = com.apple.compilers.llvm.clang.1_0;
				GCC_WARN_64_TO_32_BIT_CONVERSION = YES;
				GCC_WARN_ABOUT_MISSING_PROTOTYPES = YES;
				GCC_WARN_ABOUT_RETURN_TYPE = YES;
				GCC_WARN_UNDECLARED_SELECTOR = YES;
				GCC_WARN_UNINITIALIZED_AUTOS = YES;
				GCC_WARN_UNUSED_FUNCTION = YES;
				GCC_WARN_UNUSED_VARIABLE = YES;
				MACOSX_DEPLOYMENT_TARGET = 10.10;
				SDKROOT = macosx;
			};
			name = Release;
		};
		011C4A5914A500DB00A35D5F /* Debug */ = {
			isa = XCBuildConfiguration;
			buildSettings = {
				"ADDITIONAL_SDKS[arch=*]" = /Applications/Xcode.app/Contents/Developer/Platforms/MacOSX.platform/Developer/SDKs/MacOSX10.10.sdk/System/Library/Frameworks/AudioToolbox.framework;
				FRAMEWORK_SEARCH_PATHS = (
					"$(inherited)",
					"$(SYSTEM_APPS_DIR)/Adobe",
					Flash,
					CS5/PFI/lib/aot/stub,
				);
				PRODUCT_NAME = "$(TARGET_NAME)";
				SDKROOT = macosx;
			};
			name = Debug;
		};
		011C4A5A14A500DB00A35D5F /* Release */ = {
			isa = XCBuildConfiguration;
			buildSettings = {
				"ADDITIONAL_SDKS[arch=*]" = /Applications/Xcode.app/Contents/Developer/Platforms/MacOSX.platform/Developer/SDKs/MacOSX10.10.sdk/System/Library/Frameworks/AudioToolbox.framework;
				FRAMEWORK_SEARCH_PATHS = (
					"$(inherited)",
					"$(SYSTEM_APPS_DIR)/Adobe",
					Flash,
					CS5/PFI/lib/aot/stub,
				);
				PRODUCT_NAME = "$(TARGET_NAME)";
				SDKROOT = macosx;
			};
			name = Release;
		};
/* End XCBuildConfiguration section */

/* Begin XCConfigurationList section */
		011C4A4514A500DB00A35D5F /* Build configuration list for PBXProject "CH04_Recorder" */ = {
			isa = XCConfigurationList;
			buildConfigurations = (
				011C4A5614A500DB00A35D5F /* Debug */,
				011C4A5714A500DB00A35D5F /* Release */,
			);
			defaultConfigurationIsVisible = 0;
			defaultConfigurationName = Release;
		};
		011C4A5814A500DB00A35D5F /* Build configuration list for PBXNativeTarget "CH04_Recorder" */ = {
			isa = XCConfigurationList;
			buildConfigurations = (
				011C4A5914A500DB00A35D5F /* Debug */,
				011C4A5A14A500DB00A35D5F /* Release */,
			);
			defaultConfigurationIsVisible = 0;
			defaultConfigurationName = Release;
		};
/* End XCConfigurationList section */
	};
	rootObject = 011C4A4214A500DB00A35D5F /* Project object */;
}
