// !$*UTF8*$!
{
	archiveVersion = 1;
	classes = {
	};
	objectVersion = 46;
	objects = {

/* Begin PBXBuildFile section */
		011C4AA714A505C300A35D5F /* CoreFoundation.framework in Frameworks */ = {isa = PBXBuildFile; fileRef = 011C4AA614A505C300A35D5F /* CoreFoundation.framework */; };
		011C4AAA14A505C300A35D5F /* main.c in Sources */ = {isa = PBXBuildFile; fileRef = 011C4AA914A505C300A35D5F /* main.c */; };
		011C4AAC14A505C300A35D5F /* CH06_AudioConverter.1 in CopyFiles */ = {isa = PBXBuildFile; fileRef = 011C4AAB14A505C300A35D5F /* CH06_AudioConverter.1 */; };
		011C4AB314A505E900A35D5F /* AudioToolbox.framework in Frameworks */ = {isa = PBXBuildFile; fileRef = 011C4AB214A505E900A35D5F /* AudioToolbox.framework */; };
/* End PBXBuildFile section */

/* Begin PBXCopyFilesBuildPhase section */
		011C4AA014A505C300A35D5F /* CopyFiles */ = {
			isa = PBXCopyFilesBuildPhase;
			buildActionMask = 2147483647;
			dstPath = /usr/share/man/man1/;
			dstSubfolderSpec = 0;
			files = (
				011C4AAC14A505C300A35D5F /* CH06_AudioConverter.1 in CopyFiles */,
			);
			runOnlyForDeploymentPostprocessing = 1;
		};
/* End PBXCopyFilesBuildPhase section */

/* Begin PBXFileReference section */
		011C4AA214A505C300A35D5F /* CH06_AudioConverter */ = {isa = PBXFileReference; explicitFileType = "compiled.mach-o.executable"; includeInIndex = 0; path = CH06_AudioConverter; sourceTree = BUILT_PRODUCTS_DIR; };
		011C4AA614A505C300A35D5F /* CoreFoundation.framework */ = {isa = PBXFileReference; lastKnownFileType = wrapper.framework; name = CoreFoundation.framework; path = System/Library/Frameworks/CoreFoundation.framework; sourceTree = SDKROOT; };
		011C4AA914A505C300A35D5F /* main.c */ = {isa = PBXFileReference; lastKnownFileType = sourcecode.c.c; path = main.c; sourceTree = "<group>"; };
		011C4AAB14A505C300A35D5F /* CH06_AudioConverter.1 */ = {isa = PBXFileReference; lastKnownFileType = text.man; path = CH06_AudioConverter.1; sourceTree = "<group>"; };
		011C4AB214A505E900A35D5F /* AudioToolbox.framework */ = {isa = PBXFileReference; lastKnownFileType = wrapper.framework; name = AudioToolbox.framework; path = SDKs/MacOSX10.6.sdk/System/Library/Frameworks/AudioToolbox.framework; sourceTree = DEVELOPER_DIR; };
/* End PBXFileReference section */

/* Begin PBXFrameworksBuildPhase section */
		011C4A9F14A505C300A35D5F /* Frameworks */ = {
			isa = PBXFrameworksBuildPhase;
			buildActionMask = 2147483647;
			files = (
				011C4AB314A505E900A35D5F /* AudioToolbox.framework in Frameworks */,
				011C4AA714A505C300A35D5F /* CoreFoundation.framework in Frameworks */,
			);
			runOnlyForDeploymentPostprocessing = 0;
		};
/* End PBXFrameworksBuildPhase section */

/* Begin PBXGroup section */
		011C4A9714A505C300A35D5F = {
			isa = PBXGroup;
			children = (
				011C4AA814A505C300A35D5F /* CH06_AudioConverter */,
				011C4AA514A505C300A35D5F /* Frameworks */,
				011C4AA314A505C300A35D5F /* Products */,
			);
			sourceTree = "<group>";
		};
		011C4AA314A505C300A35D5F /* Products */ = {
			isa = PBXGroup;
			children = (
				011C4AA214A505C300A35D5F /* CH06_AudioConverter */,
			);
			name = Products;
			sourceTree = "<group>";
		};
		011C4AA514A505C300A35D5F /* Frameworks */ = {
			isa = PBXGroup;
			children = (
				011C4AB214A505E900A35D5F /* AudioToolbox.framework */,
				011C4AA614A505C300A35D5F /* CoreFoundation.framework */,
			);
			name = Frameworks;
			sourceTree = "<group>";
		};
		011C4AA814A505C300A35D5F /* CH06_AudioConverter */ = {
			isa = PBXGroup;
			children = (
				011C4AA914A505C300A35D5F /* main.c */,
				011C4AAB14A505C300A35D5F /* CH06_AudioConverter.1 */,
			);
			path = CH06_AudioConverter;
			sourceTree = "<group>";
		};
/* End PBXGroup section */

/* Begin PBXNativeTarget section */
		011C4AA114A505C300A35D5F /* CH06_AudioConverter */ = {
			isa = PBXNativeTarget;
			buildConfigurationList = 011C4AAF14A505C300A35D5F /* Build configuration list for PBXNativeTarget "CH06_AudioConverter" */;
			buildPhases = (
				011C4A9E14A505C300A35D5F /* Sources */,
				011C4A9F14A505C300A35D5F /* Frameworks */,
				011C4AA014A505C300A35D5F /* CopyFiles */,
			);
			buildRules = (
			);
			dependencies = (
			);
			name = CH06_AudioConverter;
			productName = CH06_AudioConverter;
			productReference = 011C4AA214A505C300A35D5F /* CH06_AudioConverter */;
			productType = "com.apple.product-type.tool";
		};
/* End PBXNativeTarget section */

/* Begin PBXProject section */
		011C4A9914A505C300A35D5F /* Project object */ = {
			isa = PBXProject;
			attributes = {
				LastUpgradeCheck = 0420;
				ORGANIZATIONNAME = "Subsequently and Furthermore, Inc.";
			};
			buildConfigurationList = 011C4A9C14A505C300A35D5F /* Build configuration list for PBXProject "CH06_AudioConverter" */;
			compatibilityVersion = "Xcode 3.2";
			developmentRegion = English;
			hasScannedForEncodings = 0;
			knownRegions = (
				en,
			);
			mainGroup = 011C4A9714A505C300A35D5F;
			productRefGroup = 011C4AA314A505C300A35D5F /* Products */;
			projectDirPath = "";
			projectRoot = "";
			targets = (
				011C4AA114A505C300A35D5F /* CH06_AudioConverter */,
			);
		};
/* End PBXProject section */

/* Begin PBXSourcesBuildPhase section */
		011C4A9E14A505C300A35D5F /* Sources */ = {
			isa = PBXSourcesBuildPhase;
			buildActionMask = 2147483647;
			files = (
				011C4AAA14A505C300A35D5F /* main.c in Sources */,
			);
			runOnlyForDeploymentPostprocessing = 0;
		};
/* End PBXSourcesBuildPhase section */

/* Begin XCBuildConfiguration section */
		011C4AAD14A505C300A35D5F /* Debug */ = {
			isa = XCBuildConfiguration;
			buildSettings = {
				ALWAYS_SEARCH_USER_PATHS = NO;
				ARCHS = "$(ARCHS_STANDARD_64_BIT)";
				COPY_PHASE_STRIP = NO;
				GCC_C_LANGUAGE_STANDARD = gnu99;
				GCC_DYNAMIC_NO_PIC = NO;
				GCC_ENABLE_OBJC_EXCEPTIONS = YES;
				GCC_OPTIMIZATION_LEVEL = 0;
				GCC_PREPROCESSOR_DEFINITIONS = (
					"DEBUG=1",
					"$(inherited)",
				);
				GCC_SYMBOLS_PRIVATE_EXTERN = NO;
				GCC_VERSION = com.apple.compilers.llvm.clang.1_0;
				GCC_WARN_64_TO_32_BIT_CONVERSION = YES;
				GCC_WARN_ABOUT_MISSING_PROTOTYPES = YES;
				GCC_WARN_ABOUT_RETURN_TYPE = YES;
				GCC_WARN_UNUSED_VARIABLE = YES;
				MACOSX_DEPLOYMENT_TARGET = 10.6;
				ONLY_ACTIVE_ARCH = YES;
				SDKROOT = macosx;
			};
			name = Debug;
		};
		011C4AAE14A505C300A35D5F /* Release */ = {
			isa = XCBuildConfiguration;
			buildSettings = {
				ALWAYS_SEARCH_USER_PATHS = NO;
				ARCHS = "$(ARCHS_STANDARD_64_BIT)";
				COPY_PHASE_STRIP = YES;
				DEBUG_INFORMATION_FORMAT = "dwarf-with-dsym";
				GCC_C_LANGUAGE_STANDARD = gnu99;
				GCC_ENABLE_OBJC_EXCEPTIONS = YES;
				GCC_VERSION = com.apple.compilers.llvm.clang.1_0;
				GCC_WARN_64_TO_32_BIT_CONVERSION = YES;
				GCC_WARN_ABOUT_MISSING_PROTOTYPES = YES;
				GCC_WARN_ABOUT_RETURN_TYPE = YES;
				GCC_WARN_UNUSED_VARIABLE = YES;
				MACOSX_DEPLOYMENT_TARGET = 10.6;
				SDKROOT = macosx;
			};
			name = Release;
		};
		011C4AB014A505C300A35D5F /* Debug */ = {
			isa = XCBuildConfiguration;
			buildSettings = {
				ARCHS = "$(ARCHS_STANDARD_32_64_BIT)";
				PRODUCT_NAME = "$(TARGET_NAME)";
				SDKROOT = macosx10.7;
			};
			name = Debug;
		};
		011C4AB114A505C300A35D5F /* Release */ = {
			isa = XCBuildConfiguration;
			buildSettings = {
				ARCHS = "$(ARCHS_STANDARD_32_64_BIT)";
				PRODUCT_NAME = "$(TARGET_NAME)";
				SDKROOT = macosx10.7;
			};
			name = Release;
		};
/* End XCBuildConfiguration section */

/* Begin XCConfigurationList section */
		011C4A9C14A505C300A35D5F /* Build configuration list for PBXProject "CH06_AudioConverter" */ = {
			isa = XCConfigurationList;
			buildConfigurations = (
				011C4AAD14A505C300A35D5F /* Debug */,
				011C4AAE14A505C300A35D5F /* Release */,
			);
			defaultConfigurationIsVisible = 0;
			defaultConfigurationName = Release;
		};
		011C4AAF14A505C300A35D5F /* Build configuration list for PBXNativeTarget "CH06_AudioConverter" */ = {
			isa = XCConfigurationList;
			buildConfigurations = (
				011C4AB014A505C300A35D5F /* Debug */,
				011C4AB114A505C300A35D5F /* Release */,
			);
			defaultConfigurationIsVisible = 0;
			defaultConfigurationName = Release;
		};
/* End XCConfigurationList section */
	};
	rootObject = 011C4A9914A505C300A35D5F /* Project object */;
}
